
Microsoft Visual Studio Solution File, Format Version 12.00
# Visual Studio Version 16
VisualStudioVersion = 16.0.31729.503
MinimumVisualStudioVersion = 10.0.40219.1
Project("{FAE04EC0-301F-11D3-BF4B-00C04F79EFBC}") = "Zadanie_2_Wpf", "Zadanie_2_Wpf.csproj", "{6807B950-6AD8-4294-B973-A2CB63B4954A}"
EndProject
Global
	GlobalSection(SolutionConfigurationPlatforms) = preSolution
		Debug|Any CPU = Debug|Any CPU
		Release|Any CPU = Release|Any CPU
	EndGlobalSection
	GlobalSection(ProjectConfigurationPlatforms) = postSolution
		{6807B950-6AD8-4294-B973-A2CB63B4954A}.Debug|Any CPU.ActiveCfg = Debug|Any CPU
		{6807B950-6AD8-4294-B973-A2CB63B4954A}.Debug|Any CPU.Build.0 = Debug|Any CPU
		{6807B950-6AD8-4294-B973-A2CB63B4954A}.Release|Any CPU.ActiveCfg = Release|Any CPU
		{6807B950-6AD8-4294-B973-A2CB63B4954A}.Release|Any CPU.Build.0 = Release|Any CPU
	EndGlobalSection
	GlobalSection(SolutionProperties) = preSolution
		HideSolutionNode = FALSE
	EndGlobalSection
	GlobalSection(ExtensibilityGlobals) = postSolution
		SolutionGuid = {6FCA140D-E02A-428C-B94D-73A12F958D39}
	EndGlobalSection
EndGlobal
